
Microsoft Visual Studio Solution File, Format Version 12.00
# Visual Studio Version 16
VisualStudioVersion = 16.0.31005.135
MinimumVisualStudioVersion = 10.0.40219.1
Project("{9A19103F-16F7-4668-BE54-9A1E7A4F7556}") = "BattleshipLite", "BattleshipLite.csproj", "{5521A246-D773-4044-9FB9-7D9CDC1EC361}"
EndProject
Project("{FAE04EC0-301F-11D3-BF4B-00C04F79EFBC}") = "BattleshipLite.Tests", "..\BattleshipLite.Tests\BattleshipLite.Tests.csproj", "{24ED0FEF-FCC4-4E55-99DC-2DFB3720DDCD}"
EndProject
Global
	GlobalSection(SolutionConfigurationPlatforms) = preSolution
		Debug|Any CPU = Debug|Any CPU
		Release|Any CPU = Release|Any CPU
	EndGlobalSection
	GlobalSection(ProjectConfigurationPlatforms) = postSolution
		{5521A246-D773-4044-9FB9-7D9CDC1EC361}.Debug|Any CPU.ActiveCfg = Debug|Any CPU
		{5521A246-D773-4044-9FB9-7D9CDC1EC361}.Debug|Any CPU.Build.0 = Debug|Any CPU
		{5521A246-D773-4044-9FB9-7D9CDC1EC361}.Release|Any CPU.ActiveCfg = Release|Any CPU
		{5521A246-D773-4044-9FB9-7D9CDC1EC361}.Release|Any CPU.Build.0 = Release|Any CPU
		{24ED0FEF-FCC4-4E55-99DC-2DFB3720DDCD}.Debug|Any CPU.ActiveCfg = Debug|Any CPU
		{24ED0FEF-FCC4-4E55-99DC-2DFB3720DDCD}.Debug|Any CPU.Build.0 = Debug|Any CPU
		{24ED0FEF-FCC4-4E55-99DC-2DFB3720DDCD}.Release|Any CPU.ActiveCfg = Release|Any CPU
		{24ED0FEF-FCC4-4E55-99DC-2DFB3720DDCD}.Release|Any CPU.Build.0 = Release|Any CPU
	EndGlobalSection
	GlobalSection(SolutionProperties) = preSolution
		HideSolutionNode = FALSE
	EndGlobalSection
	GlobalSection(ExtensibilityGlobals) = postSolution
		SolutionGuid = {8DF3812E-3955-4A3B-B177-6CFA71B80DCC}
	EndGlobalSection
EndGlobal
